Microsoft Visual Studio Solution File, Format Version 12.00
# Visual Studio 2012
Project("{FAE04EC0-301F-11D3-BF4B-00C04F79EFBC}") = "Magnetizor", "Magnetizor.csproj", "{DB85E1F0-699D-4A72-A40C-694A22DC99A7}"
EndProject
Global
	GlobalSection(SolutionConfigurationPlatforms) = preSolution
	Debug|Any CPU = Debug|Any CPU
	ExportDebug|Any CPU = ExportDebug|Any CPU
	ExportRelease|Any CPU = ExportRelease|Any CPU
	EndGlobalSection
	GlobalSection(ProjectConfigurationPlatforms) = postSolution
		{DB85E1F0-699D-4A72-A40C-694A22DC99A7}.Debug|Any CPU.ActiveCfg = Debug|Any CPU
		{DB85E1F0-699D-4A72-A40C-694A22DC99A7}.Debug|Any CPU.Build.0 = Debug|Any CPU
		{DB85E1F0-699D-4A72-A40C-694A22DC99A7}.ExportDebug|Any CPU.ActiveCfg = ExportDebug|Any CPU
		{DB85E1F0-699D-4A72-A40C-694A22DC99A7}.ExportDebug|Any CPU.Build.0 = ExportDebug|Any CPU
		{DB85E1F0-699D-4A72-A40C-694A22DC99A7}.ExportRelease|Any CPU.ActiveCfg = ExportRelease|Any CPU
		{DB85E1F0-699D-4A72-A40C-694A22DC99A7}.ExportRelease|Any CPU.Build.0 = ExportRelease|Any CPU
	EndGlobalSection
EndGlobal
